// !$*UTF8*$!
{
	archiveVersion = 1;
	classes = {
	};
	objectVersion = 56;
	objects = {

/* Begin PBXBuildFile section */
		42B8A4ECAD973790E1F7F073 /* Pods_URLSession_Rx.framework in Frameworks */ = {isa = PBXBuildFile; fileRef = 749E1EBE72C4C4678AE498FB /* Pods_URLSession_Rx.framework */; };
		759DC0B42989F9DA001E3C2C /* AppDelegate.swift in Sources */ = {isa = PBXBuildFile; fileRef = 759DC0B32989F9DA001E3C2C /* AppDelegate.swift */; };
		759DC0B62989F9DA001E3C2C /* SceneDelegate.swift in Sources */ = {isa = PBXBuildFile; fileRef = 759DC0B52989F9DA001E3C2C /* SceneDelegate.swift */; };
		759DC0B82989F9DA001E3C2C /* ViewController.swift in Sources */ = {isa = PBXBuildFile; fileRef = 759DC0B72989F9DA001E3C2C /* ViewController.swift */; };
		759DC0BD2989F9DD001E3C2C /* Assets.xcassets in Resources */ = {isa = PBXBuildFile; fileRef = 759DC0BC2989F9DD001E3C2C /* Assets.xcassets */; };
		759DC0C02989F9DD001E3C2C /* LaunchScreen.storyboard in Resources */ = {isa = PBXBuildFile; fileRef = 759DC0BE2989F9DD001E3C2C /* LaunchScreen.storyboard */; };
		759DC0C92989FB1C001E3C2C /* BookList.swift in Sources */ = {isa = PBXBuildFile; fileRef = 759DC0C82989FB1C001E3C2C /* BookList.swift */; };
		759DC0CC2989FDA9001E3C2C /* BookListCell.swift in Sources */ = {isa = PBXBuildFile; fileRef = 759DC0CB2989FDA9001E3C2C /* BookListCell.swift */; };
/* End PBXBuildFile section */

/* Begin PBXFileReference section */
		1B0C325F7A92780DEBCB728C /* Pods-URLSession+Rx.release.xcconfig */ = {isa = PBXFileReference; includeInIndex = 1; lastKnownFileType = text.xcconfig; name = "Pods-URLSession+Rx.release.xcconfig"; path = "Target Support Files/Pods-URLSession+Rx/Pods-URLSession+Rx.release.xcconfig"; sourceTree = "<group>"; };
		749E1EBE72C4C4678AE498FB /* Pods_URLSession_Rx.framework */ = {isa = PBXFileReference; explicitFileType = wrapper.framework; includeInIndex = 0; path = Pods_URLSession_Rx.framework; sourceTree = BUILT_PRODUCTS_DIR; };
		759DC0B02989F9DA001E3C2C /* URLSession+Rx.app */ = {isa = PBXFileReference; explicitFileType = wrapper.application; includeInIndex = 0; path = "URLSession+Rx.app"; sourceTree = BUILT_PRODUCTS_DIR; };
		759DC0B32989F9DA001E3C2C /* AppDelegate.swift */ = {isa = PBXFileReference; lastKnownFileType = sourcecode.swift; path = AppDelegate.swift; sourceTree = "<group>"; };
		759DC0B52989F9DA001E3C2C /* SceneDelegate.swift */ = {isa = PBXFileReference; lastKnownFileType = sourcecode.swift; path = SceneDelegate.swift; sourceTree = "<group>"; };
		759DC0B72989F9DA001E3C2C /* ViewController.swift */ = {isa = PBXFileReference; lastKnownFileType = sourcecode.swift; path = ViewController.swift; sourceTree = "<group>"; };
		759DC0BC2989F9DD001E3C2C /* Assets.xcassets */ = {isa = PBXFileReference; lastKnownFileType = folder.assetcatalog; path = Assets.xcassets; sourceTree = "<group>"; };
		759DC0BF2989F9DD001E3C2C /* Base */ = {isa = PBXFileReference; lastKnownFileType = file.storyboard; name = Base; path = Base.lproj/LaunchScreen.storyboard; sourceTree = "<group>"; };
		759DC0C12989F9DD001E3C2C /* Info.plist */ = {isa = PBXFileReference; lastKnownFileType = text.plist.xml; path = Info.plist; sourceTree = "<group>"; };
		759DC0C82989FB1C001E3C2C /* BookList.swift */ = {isa = PBXFileReference; lastKnownFileType = sourcecode.swift; path = BookList.swift; sourceTree = "<group>"; };
		759DC0CB2989FDA9001E3C2C /* BookListCell.swift */ = {isa = PBXFileReference; lastKnownFileType = sourcecode.swift; path = BookListCell.swift; sourceTree = "<group>"; };
		DBD8F0D6695068EF3A9B317D /* Pods-URLSession+Rx.debug.xcconfig */ = {isa = PBXFileReference; includeInIndex = 1; lastKnownFileType = text.xcconfig; name = "Pods-URLSession+Rx.debug.xcconfig"; path = "Target Support Files/Pods-URLSession+Rx/Pods-URLSession+Rx.debug.xcconfig"; sourceTree = "<group>"; };
/* End PBXFileReference section */

/* Begin PBXFrameworksBuildPhase section */
		759DC0AD2989F9DA001E3C2C /* Frameworks */ = {
			isa = PBXFrameworksBuildPhase;
			buildActionMask = 2147483647;
			files = (
				42B8A4ECAD973790E1F7F073 /* Pods_URLSession_Rx.framework in Frameworks */,
			);
			runOnlyForDeploymentPostprocessing = 0;
		};
/* End PBXFrameworksBuildPhase section */

/* Begin PBXGroup section */
		705504DC76C59E99FA6A2B0B /* Frameworks */ = {
			isa = PBXGroup;
			children = (
				749E1EBE72C4C4678AE498FB /* Pods_URLSession_Rx.framework */,
			);
			name = Frameworks;
			sourceTree = "<group>";
		};
		759DC0A72989F9DA001E3C2C = {
			isa = PBXGroup;
			children = (
				759DC0B22989F9DA001E3C2C /* URLSession+Rx */,
				759DC0B12989F9DA001E3C2C /* Products */,
				DEF41BDE772FA6B407BD6087 /* Pods */,
				705504DC76C59E99FA6A2B0B /* Frameworks */,
			);
			sourceTree = "<group>";
		};
		759DC0B12989F9DA001E3C2C /* Products */ = {
			isa = PBXGroup;
			children = (
				759DC0B02989F9DA001E3C2C /* URLSession+Rx.app */,
			);
			name = Products;
			sourceTree = "<group>";
		};
		759DC0B22989F9DA001E3C2C /* URLSession+Rx */ = {
			isa = PBXGroup;
			children = (
				759DC0CA2989FD8F001E3C2C /* Cell */,
				759DC0C72989FB0E001E3C2C /* Model */,
				759DC0B32989F9DA001E3C2C /* AppDelegate.swift */,
				759DC0B52989F9DA001E3C2C /* SceneDelegate.swift */,
				759DC0B72989F9DA001E3C2C /* ViewController.swift */,
				759DC0BC2989F9DD001E3C2C /* Assets.xcassets */,
				759DC0BE2989F9DD001E3C2C /* LaunchScreen.storyboard */,
				759DC0C12989F9DD001E3C2C /* Info.plist */,
			);
			path = "URLSession+Rx";
			sourceTree = "<group>";
		};
		759DC0C72989FB0E001E3C2C /* Model */ = {
			isa = PBXGroup;
			children = (
				759DC0C82989FB1C001E3C2C /* BookList.swift */,
			);
			path = Model;
			sourceTree = "<group>";
		};
		759DC0CA2989FD8F001E3C2C /* Cell */ = {
			isa = PBXGroup;
			children = (
				759DC0CB2989FDA9001E3C2C /* BookListCell.swift */,
			);
			path = Cell;
			sourceTree = "<group>";
		};
		DEF41BDE772FA6B407BD6087 /* Pods */ = {
			isa = PBXGroup;
			children = (
				DBD8F0D6695068EF3A9B317D /* Pods-URLSession+Rx.debug.xcconfig */,
				1B0C325F7A92780DEBCB728C /* Pods-URLSession+Rx.release.xcconfig */,
			);
			path = Pods;
			sourceTree = "<group>";
		};
/* End PBXGroup section */

/* Begin PBXNativeTarget section */
		759DC0AF2989F9DA001E3C2C /* URLSession+Rx */ = {
			isa = PBXNativeTarget;
			buildConfigurationList = 759DC0C42989F9DD001E3C2C /* Build configuration list for PBXNativeTarget "URLSession+Rx" */;
			buildPhases = (
				FE75E4457ADF193608F35099 /* [CP] Check Pods Manifest.lock */,
				759DC0AC2989F9DA001E3C2C /* Sources */,
				759DC0AD2989F9DA001E3C2C /* Frameworks */,
				759DC0AE2989F9DA001E3C2C /* Resources */,
				454FC768427C29CD0AC54CBD /* [CP] Embed Pods Frameworks */,
			);
			buildRules = (
			);
			dependencies = (
			);
			name = "URLSession+Rx";
			packageProductDependencies = (
			);
			productName = "URLSession+Rx";
			productReference = 759DC0B02989F9DA001E3C2C /* URLSession+Rx.app */;
			productType = "com.apple.product-type.application";
		};
/* End PBXNativeTarget section */

/* Begin PBXProject section */
		759DC0A82989F9DA001E3C2C /* Project object */ = {
			isa = PBXProject;
			attributes = {
				BuildIndependentTargetsInParallel = 1;
				LastSwiftUpdateCheck = 1420;
				LastUpgradeCheck = 1420;
				TargetAttributes = {
					759DC0AF2989F9DA001E3C2C = {
						CreatedOnToolsVersion = 14.2;
					};
				};
			};
			buildConfigurationList = 759DC0AB2989F9DA001E3C2C /* Build configuration list for PBXProject "URLSession+Rx" */;
			compatibilityVersion = "Xcode 14.0";
			developmentRegion = en;
			hasScannedForEncodings = 0;
			knownRegions = (
				en,
				Base,
			);
			mainGroup = 759DC0A72989F9DA001E3C2C;
			packageReferences = (
			);
			productRefGroup = 759DC0B12989F9DA001E3C2C /* Products */;
			projectDirPath = "";
			projectRoot = "";
			targets = (
				759DC0AF2989F9DA001E3C2C /* URLSession+Rx */,
			);
		};
/* End PBXProject section */

/* Begin PBXResourcesBuildPhase section */
		759DC0AE2989F9DA001E3C2C /* Resources */ = {
			isa = PBXResourcesBuildPhase;
			buildActionMask = 2147483647;
			files = (
				759DC0C02989F9DD001E3C2C /* LaunchScreen.storyboard in Resources */,
				759DC0BD2989F9DD001E3C2C /* Assets.xcassets in Resources */,
			);
			runOnlyForDeploymentPostprocessing = 0;
		};
/* End PBXResourcesBuildPhase section */

/* Begin PBXShellScriptBuildPhase section */
		454FC768427C29CD0AC54CBD /* [CP] Embed Pods Frameworks */ = {
			isa = PBXShellScriptBuildPhase;
			buildActionMask = 2147483647;
			files = (
			);
			inputFileListPaths = (
				"${PODS_ROOT}/Target Support Files/Pods-URLSession+Rx/Pods-URLSession+Rx-frameworks-${CONFIGURATION}-input-files.xcfilelist",
			);
			name = "[CP] Embed Pods Frameworks";
			outputFileListPaths = (
				"${PODS_ROOT}/Target Support Files/Pods-URLSession+Rx/Pods-URLSession+Rx-frameworks-${CONFIGURATION}-output-files.xcfilelist",
			);
			runOnlyForDeploymentPostprocessing = 0;
			shellPath = /bin/sh;
			shellScript = "\"${PODS_ROOT}/Target Support Files/Pods-URLSession+Rx/Pods-URLSession+Rx-frameworks.sh\"\n";
			showEnvVarsInLog = 0;
		};
		FE75E4457ADF193608F35099 /* [CP] Check Pods Manifest.lock */ = {
			isa = PBXShellScriptBuildPhase;
			buildActionMask = 2147483647;
			files = (
			);
			inputFileListPaths = (
			);
			inputPaths = (
				"${PODS_PODFILE_DIR_PATH}/Podfile.lock",
				"${PODS_ROOT}/Manifest.lock",
			);
			name = "[CP] Check Pods Manifest.lock";
			outputFileListPaths = (
			);
			outputPaths = (
				"$(DERIVED_FILE_DIR)/Pods-URLSession+Rx-checkManifestLockResult.txt",
			);
			runOnlyForDeploymentPostprocessing = 0;
			shellPath = /bin/sh;
			shellScript = "diff \"${PODS_PODFILE_DIR_PATH}/Podfile.lock\" \"${PODS_ROOT}/Manifest.lock\" > /dev/null\nif [ $? != 0 ] ; then\n    # print error to STDERR\n    echo \"error: The sandbox is not in sync with the Podfile.lock. Run 'pod install' or update your CocoaPods installation.\" >&2\n    exit 1\nfi\n# This output is used by Xcode 'outputs' to avoid re-running this script phase.\necho \"SUCCESS\" > \"${SCRIPT_OUTPUT_FILE_0}\"\n";
			showEnvVarsInLog = 0;
		};
/* End PBXShellScriptBuildPhase section */

/* Begin PBXSourcesBuildPhase section */
		759DC0AC2989F9DA001E3C2C /* Sources */ = {
			isa = PBXSourcesBuildPhase;
			buildActionMask = 2147483647;
			files = (
				759DC0C92989FB1C001E3C2C /* BookList.swift in Sources */,
				759DC0B82989F9DA001E3C2C /* ViewController.swift in Sources */,
				759DC0CC2989FDA9001E3C2C /* BookListCell.swift in Sources */,
				759DC0B42989F9DA001E3C2C /* AppDelegate.swift in Sources */,
				759DC0B62989F9DA001E3C2C /* SceneDelegate.swift in Sources */,
			);
			runOnlyForDeploymentPostprocessing = 0;
		};
/* End PBXSourcesBuildPhase section */

/* Begin PBXVariantGroup section */
		759DC0BE2989F9DD001E3C2C /* LaunchScreen.storyboard */ = {
			isa = PBXVariantGroup;
			children = (
				759DC0BF2989F9DD001E3C2C /* Base */,
			);
			name = LaunchScreen.storyboard;
			sourceTree = "<group>";
		};
/* End PBXVariantGroup section */

/* Begin XCBuildConfiguration section */
		759DC0C22989F9DD001E3C2C /* Debug */ = {
			isa = XCBuildConfiguration;
			buildSettings = {
				ALWAYS_SEARCH_USER_PATHS = NO;
				CLANG_ANALYZER_NONNULL = YES;
				CLANG_ANALYZER_NUMBER_OBJECT_CONVERSION = YES_AGGRESSIVE;
				CLANG_CXX_LANGUAGE_STANDARD = "gnu++20";
				CLANG_ENABLE_MODULES = YES;
				CLANG_ENABLE_OBJC_ARC = YES;
				CLANG_ENABLE_OBJC_WEAK = YES;
				CLANG_WARN_BLOCK_CAPTURE_AUTORELEASING = YES;
				CLANG_WARN_BOOL_CONVERSION = YES;
				CLANG_WARN_COMMA = YES;
				CLANG_WARN_CONSTANT_CONVERSION = YES;
				CLANG_WARN_DEPRECATED_OBJC_IMPLEMENTATIONS = YES;
				CLANG_WARN_DIRECT_OBJC_ISA_USAGE = YES_ERROR;
				CLANG_WARN_DOCUMENTATION_COMMENTS = YES;
				CLANG_WARN_EMPTY_BODY = YES;
				CLANG_WARN_ENUM_CONVERSION = YES;
				CLANG_WARN_INFINITE_RECURSION = YES;
				CLANG_WARN_INT_CONVERSION = YES;
				CLANG_WARN_NON_LITERAL_NULL_CONVERSION = YES;
				CLANG_WARN_OBJC_IMPLICIT_RETAIN_SELF = YES;
				CLANG_WARN_OBJC_LITERAL_CONVERSION = YES;
				CLANG_WARN_OBJC_ROOT_CLASS = YES_ERROR;
				CLANG_WARN_QUOTED_INCLUDE_IN_FRAMEWORK_HEADER = YES;
				CLANG_WARN_RANGE_LOOP_ANALYSIS = YES;
				CLANG_WARN_STRICT_PROTOTYPES = YES;
				CLANG_WARN_SUSPICIOUS_MOVE = YES;
				CLANG_WARN_UNGUARDED_AVAILABILITY = YES_AGGRESSIVE;
				CLANG_WARN_UNREACHABLE_CODE = YES;
				CLANG_WARN__DUPLICATE_METHOD_MATCH = YES;
				COPY_PHASE_STRIP = NO;
				DEBUG_INFORMATION_FORMAT = dwarf;
				ENABLE_STRICT_OBJC_MSGSEND = YES;
				ENABLE_TESTABILITY = YES;
				GCC_C_LANGUAGE_STANDARD = gnu11;
				GCC_DYNAMIC_NO_PIC = NO;
				GCC_NO_COMMON_BLOCKS = YES;
				GCC_OPTIMIZATION_LEVEL = 0;
				GCC_PREPROCESSOR_DEFINITIONS = (
					"DEBUG=1",
					"$(inherited)",
				);
				GCC_WARN_64_TO_32_BIT_CONVERSION = YES;
				GCC_WARN_ABOUT_RETURN_TYPE = YES_ERROR;
				GCC_WARN_UNDECLARED_SELECTOR = YES;
				GCC_WARN_UNINITIALIZED_AUTOS = YES_AGGRESSIVE;
				GCC_WARN_UNUSED_FUNCTION = YES;
				GCC_WARN_UNUSED_VARIABLE = YES;
				IPHONEOS_DEPLOYMENT_TARGET = 16.2;
				MTL_ENABLE_DEBUG_INFO = INCLUDE_SOURCE;
				MTL_FAST_MATH = YES;
				ONLY_ACTIVE_ARCH = YES;
				SDKROOT = iphoneos;
				SWIFT_ACTIVE_COMPILATION_CONDITIONS = DEBUG;
				SWIFT_OPTIMIZATION_LEVEL = "-Onone";
			};
			name = Debug;
		};
		759DC0C32989F9DD001E3C2C /* Release */ = {
			isa = XCBuildConfiguration;
			buildSettings = {
				ALWAYS_SEARCH_USER_PATHS = NO;
				CLANG_ANALYZER_NONNULL = YES;
				CLANG_ANALYZER_NUMBER_OBJECT_CONVERSION = YES_AGGRESSIVE;
				CLANG_CXX_LANGUAGE_STANDARD = "gnu++20";
				CLANG_ENABLE_MODULES = YES;
				CLANG_ENABLE_OBJC_ARC = YES;
				CLANG_ENABLE_OBJC_WEAK = YES;
				CLANG_WARN_BLOCK_CAPTURE_AUTORELEASING = YES;
				CLANG_WARN_BOOL_CONVERSION = YES;
				CLANG_WARN_COMMA = YES;
				CLANG_WARN_CONSTANT_CONVERSION = YES;
				CLANG_WARN_DEPRECATED_OBJC_IMPLEMENTATIONS = YES;
				CLANG_WARN_DIRECT_OBJC_ISA_USAGE = YES_ERROR;
				CLANG_WARN_DOCUMENTATION_COMMENTS = YES;
				CLANG_WARN_EMPTY_BODY = YES;
				CLANG_WARN_ENUM_CONVERSION = YES;
				CLANG_WARN_INFINITE_RECURSION = YES;
				CLANG_WARN_INT_CONVERSION = YES;
				CLANG_WARN_NON_LITERAL_NULL_CONVERSION = YES;
				CLANG_WARN_OBJC_IMPLICIT_RETAIN_SELF = YES;
				CLANG_WARN_OBJC_LITERAL_CONVERSION = YES;
				CLANG_WARN_OBJC_ROOT_CLASS = YES_ERROR;
				CLANG_WARN_QUOTED_INCLUDE_IN_FRAMEWORK_HEADER = YES;
				CLANG_WARN_RANGE_LOOP_ANALYSIS = YES;
				CLANG_WARN_STRICT_PROTOTYPES = YES;
				CLANG_WARN_SUSPICIOUS_MOVE = YES;
				CLANG_WARN_UNGUARDED_AVAILABILITY = YES_AGGRESSIVE;
				CLANG_WARN_UNREACHABLE_CODE = YES;
				CLANG_WARN__DUPLICATE_METHOD_MATCH = YES;
				COPY_PHASE_STRIP = NO;
				DEBUG_INFORMATION_FORMAT = "dwarf-with-dsym";
				ENABLE_NS_ASSERTIONS = NO;
				ENABLE_STRICT_OBJC_MSGSEND = YES;
				GCC_C_LANGUAGE_STANDARD = gnu11;
				GCC_NO_COMMON_BLOCKS = YES;
				GCC_WARN_64_TO_32_BIT_CONVERSION = YES;
				GCC_WARN_ABOUT_RETURN_TYPE = YES_ERROR;
				GCC_WARN_UNDECLARED_SELECTOR = YES;
				GCC_WARN_UNINITIALIZED_AUTOS = YES_AGGRESSIVE;
				GCC_WARN_UNUSED_FUNCTION = YES;
				GCC_WARN_UNUSED_VARIABLE = YES;
				IPHONEOS_DEPLOYMENT_TARGET = 16.2;
				MTL_ENABLE_DEBUG_INFO = NO;
				MTL_FAST_MATH = YES;
				SDKROOT = iphoneos;
				SWIFT_COMPILATION_MODE = wholemodule;
				SWIFT_OPTIMIZATION_LEVEL = "-O";
				VALIDATE_PRODUCT = YES;
			};
			name = Release;
		};
		759DC0C52989F9DD001E3C2C /* Debug */ = {
			isa = XCBuildConfiguration;
			baseConfigurationReference = DBD8F0D6695068EF3A9B317D /* Pods-URLSession+Rx.debug.xcconfig */;
			buildSettings = {
				ASSETCATALOG_COMPILER_APPICON_NAME = AppIcon;
				ASSETCATALOG_COMPILER_GLOBAL_ACCENT_COLOR_NAME = AccentColor;
				CODE_SIGN_STYLE = Automatic;
				CURRENT_PROJECT_VERSION = 1;
				DEVELOPMENT_TEAM = 9LAFQ24GSN;
				GENERATE_INFOPLIST_FILE = YES;
				INFOPLIST_FILE = "URLSession+Rx/Info.plist";
				INFOPLIST_KEY_UIApplicationSupportsIndirectInputEvents = YES;
				INFOPLIST_KEY_UILaunchStoryboardName = LaunchScreen;
				INFOPLIST_KEY_UISupportedInterfaceOrientations_iPad = "UIInterfaceOrientationPortrait UIInterfaceOrientationPortraitUpsideDown UIInterfaceOrientationLandscapeLeft UIInterfaceOrientationLandscapeRight";
				INFOPLIST_KEY_UISupportedInterfaceOrientations_iPhone = "UIInterfaceOrientationPortrait UIInterfaceOrientationLandscapeLeft UIInterfaceOrientationLandscapeRight";
				LD_RUNPATH_SEARCH_PATHS = (
					"$(inherited)",
					"@executable_path/Frameworks",
				);
				MARKETING_VERSION = 1.0;
				PRODUCT_BUNDLE_IDENTIFIER = "kr.co.truen.EGLOO.URLSession-Rx";
				PRODUCT_NAME = "$(TARGET_NAME)";
				SWIFT_EMIT_LOC_STRINGS = YES;
				SWIFT_VERSION = 5.0;
				TARGETED_DEVICE_FAMILY = "1,2";
			};
			name = Debug;
		};
		759DC0C62989F9DD001E3C2C /* Release */ = {
			isa = XCBuildConfiguration;
			baseConfigurationReference = 1B0C325F7A92780DEBCB728C /* Pods-URLSession+Rx.release.xcconfig */;
			buildSettings = {
				ASSETCATALOG_COMPILER_APPICON_NAME = AppIcon;
				ASSETCATALOG_COMPILER_GLOBAL_ACCENT_COLOR_NAME = AccentColor;
				CODE_SIGN_STYLE = Automatic;
				CURRENT_PROJECT_VERSION = 1;
				DEVELOPMENT_TEAM = 9LAFQ24GSN;
				GENERATE_INFOPLIST_FILE = YES;
				INFOPLIST_FILE = "URLSession+Rx/Info.plist";
				INFOPLIST_KEY_UIApplicationSupportsIndirectInputEvents = YES;
				INFOPLIST_KEY_UILaunchStoryboardName = LaunchScreen;
				INFOPLIST_KEY_UISupportedInterfaceOrientations_iPad = "UIInterfaceOrientationPortrait UIInterfaceOrientationPortraitUpsideDown UIInterfaceOrientationLandscapeLeft UIInterfaceOrientationLandscapeRight";
				INFOPLIST_KEY_UISupportedInterfaceOrientations_iPhone = "UIInterfaceOrientationPortrait UIInterfaceOrientationLandscapeLeft UIInterfaceOrientationLandscapeRight";
				LD_RUNPATH_SEARCH_PATHS = (
					"$(inherited)",
					"@executable_path/Frameworks",
				);
				MARKETING_VERSION = 1.0;
				PRODUCT_BUNDLE_IDENTIFIER = "kr.co.truen.EGLOO.URLSession-Rx";
				PRODUCT_NAME = "$(TARGET_NAME)";
				SWIFT_EMIT_LOC_STRINGS = YES;
				SWIFT_VERSION = 5.0;
				TARGETED_DEVICE_FAMILY = "1,2";
			};
			name = Release;
		};
/* End XCBuildConfiguration section */

/* Begin XCConfigurationList section */
		759DC0AB2989F9DA001E3C2C /* Build configuration list for PBXProject "URLSession+Rx" */ = {
			isa = XCConfigurationList;
			buildConfigurations = (
				759DC0C22989F9DD001E3C2C /* Debug */,
				759DC0C32989F9DD001E3C2C /* Release */,
			);
			defaultConfigurationIsVisible = 0;
			defaultConfigurationName = Release;
		};
		759DC0C42989F9DD001E3C2C /* Build configuration list for PBXNativeTarget "URLSession+Rx" */ = {
			isa = XCConfigurationList;
			buildConfigurations = (
				759DC0C52989F9DD001E3C2C /* Debug */,
				759DC0C62989F9DD001E3C2C /* Release */,
			);
			defaultConfigurationIsVisible = 0;
			defaultConfigurationName = Release;
		};
/* End XCConfigurationList section */
	};
	rootObject = 759DC0A82989F9DA001E3C2C /* Project object */;
}
